
Microsoft Visual Studio Solution File, Format Version 12.00
# Visual Studio Version 17
VisualStudioVersion = 17.0.31903.59
MinimumVisualStudioVersion = 10.0.40219.1
Project("{F2A71F9B-5D33-465A-A702-920D77279786}") = "Monkey.CLI", "src\Monkey.CLI\Monkey.CLI.fsproj", "{3E48D840-2C6A-4616-A269-AABB813CD45E}"
EndProject
Project("{F2A71F9B-5D33-465A-A702-920D77279786}") = "Monkey.Parser.Tests", "tests\Monkey.Parser.Tests\Monkey.Parser.Tests.fsproj", "{12FB8A0D-31E2-438C-8D36-044A4119BDD3}"
EndProject
Project("{F2A71F9B-5D33-465A-A702-920D77279786}") = "Monkey.AST", "src\Monkey.AST\Monkey.AST.fsproj", "{264CD0F9-99AA-4855-9510-7617583267AE}"
EndProject
Project("{2150E333-8FDC-42A3-9474-1A3956D46DE8}") = "src", "src", "{C817ED4D-9E31-4C28-822D-023BC95F4E2E}"
EndProject
Project("{F2A71F9B-5D33-465A-A702-920D77279786}") = "Monkey.Parser", "src\Monkey.Parser\Monkey.Parser.fsproj", "{435F8E68-EA00-44DD-AF13-B65AFB8B48CE}"
EndProject
Project("{F2A71F9B-5D33-465A-A702-920D77279786}") = "Monkey.Semantics", "src\Monkey.Semantics\Monkey.Semantics.fsproj", "{A31ABA03-DD1B-4206-9B4F-0515125FC314}"
EndProject
Project("{F2A71F9B-5D33-465A-A702-920D77279786}") = "Monkey.Codegen.Dotnet", "src\Monkey.Codegen.Dotnet\Monkey.Codegen.Dotnet.fsproj", "{B6858910-4CE4-42FD-AB0F-ACF322941131}"
EndProject
Project("{2150E333-8FDC-42A3-9474-1A3956D46DE8}") = "tests", "tests", "{FA2C58DD-B3C1-4CFB-B830-11739AD60948}"
EndProject
Project("{F2A71F9B-5D33-465A-A702-920D77279786}") = "Monkey.Semantics.Tests", "tests\Monkey.Semantics.Tests\Monkey.Semantics.Tests.fsproj", "{46C7D09A-E2E9-4DE8-947B-D01547DEC941}"
EndProject
Project("{F2A71F9B-5D33-465A-A702-920D77279786}") = "Monkey.Codegen.Dotnet.Tests", "tests\Monkey.Codegen.Dotnet.Tests\Monkey.Codegen.Dotnet.Tests.fsproj", "{B47D5208-CAE2-4E4C-811D-FF1A40B1F853}"
EndProject
Project("{2150E333-8FDC-42A3-9474-1A3956D46DE8}") = "docs", "docs", "{CA0988F8-F952-4C5E-A3D0-C62074EF6BE6}"
EndProject
Project("{FAE04EC0-301F-11D3-BF4B-00C04F79EFBC}") = "Monkey.Docs", "docs\Monkey.Docs\Monkey.Docs.csproj", "{151717CC-8386-43EE-BF36-111F8D9B8B62}"
EndProject
Project("{F2A71F9B-5D33-465A-A702-920D77279786}") = "Monkey.Common", "src\Monkey.Common\Monkey.Common.fsproj", "{6808CFC5-AAA7-4607-9EFD-D265AEBBC35E}"
EndProject
Global
	GlobalSection(SolutionConfigurationPlatforms) = preSolution
		Debug|Any CPU = Debug|Any CPU
		Release|Any CPU = Release|Any CPU
	EndGlobalSection
	GlobalSection(SolutionProperties) = preSolution
		HideSolutionNode = FALSE
	EndGlobalSection
	GlobalSection(ProjectConfigurationPlatforms) = postSolution
		{3E48D840-2C6A-4616-A269-AABB813CD45E}.Debug|Any CPU.ActiveCfg = Debug|Any CPU
		{3E48D840-2C6A-4616-A269-AABB813CD45E}.Debug|Any CPU.Build.0 = Debug|Any CPU
		{3E48D840-2C6A-4616-A269-AABB813CD45E}.Release|Any CPU.ActiveCfg = Release|Any CPU
		{3E48D840-2C6A-4616-A269-AABB813CD45E}.Release|Any CPU.Build.0 = Release|Any CPU
		{12FB8A0D-31E2-438C-8D36-044A4119BDD3}.Debug|Any CPU.ActiveCfg = Debug|Any CPU
		{12FB8A0D-31E2-438C-8D36-044A4119BDD3}.Debug|Any CPU.Build.0 = Debug|Any CPU
		{12FB8A0D-31E2-438C-8D36-044A4119BDD3}.Release|Any CPU.ActiveCfg = Release|Any CPU
		{12FB8A0D-31E2-438C-8D36-044A4119BDD3}.Release|Any CPU.Build.0 = Release|Any CPU
		{264CD0F9-99AA-4855-9510-7617583267AE}.Debug|Any CPU.ActiveCfg = Debug|Any CPU
		{264CD0F9-99AA-4855-9510-7617583267AE}.Debug|Any CPU.Build.0 = Debug|Any CPU
		{264CD0F9-99AA-4855-9510-7617583267AE}.Release|Any CPU.ActiveCfg = Release|Any CPU
		{264CD0F9-99AA-4855-9510-7617583267AE}.Release|Any CPU.Build.0 = Release|Any CPU
		{435F8E68-EA00-44DD-AF13-B65AFB8B48CE}.Debug|Any CPU.ActiveCfg = Debug|Any CPU
		{435F8E68-EA00-44DD-AF13-B65AFB8B48CE}.Debug|Any CPU.Build.0 = Debug|Any CPU
		{435F8E68-EA00-44DD-AF13-B65AFB8B48CE}.Release|Any CPU.ActiveCfg = Release|Any CPU
		{435F8E68-EA00-44DD-AF13-B65AFB8B48CE}.Release|Any CPU.Build.0 = Release|Any CPU
		{A31ABA03-DD1B-4206-9B4F-0515125FC314}.Debug|Any CPU.ActiveCfg = Debug|Any CPU
		{A31ABA03-DD1B-4206-9B4F-0515125FC314}.Debug|Any CPU.Build.0 = Debug|Any CPU
		{A31ABA03-DD1B-4206-9B4F-0515125FC314}.Release|Any CPU.ActiveCfg = Release|Any CPU
		{A31ABA03-DD1B-4206-9B4F-0515125FC314}.Release|Any CPU.Build.0 = Release|Any CPU
		{B6858910-4CE4-42FD-AB0F-ACF322941131}.Debug|Any CPU.ActiveCfg = Debug|Any CPU
		{B6858910-4CE4-42FD-AB0F-ACF322941131}.Debug|Any CPU.Build.0 = Debug|Any CPU
		{B6858910-4CE4-42FD-AB0F-ACF322941131}.Release|Any CPU.ActiveCfg = Release|Any CPU
		{B6858910-4CE4-42FD-AB0F-ACF322941131}.Release|Any CPU.Build.0 = Release|Any CPU
		{46C7D09A-E2E9-4DE8-947B-D01547DEC941}.Debug|Any CPU.ActiveCfg = Debug|Any CPU
		{46C7D09A-E2E9-4DE8-947B-D01547DEC941}.Debug|Any CPU.Build.0 = Debug|Any CPU
		{46C7D09A-E2E9-4DE8-947B-D01547DEC941}.Release|Any CPU.ActiveCfg = Release|Any CPU
		{46C7D09A-E2E9-4DE8-947B-D01547DEC941}.Release|Any CPU.Build.0 = Release|Any CPU
		{B47D5208-CAE2-4E4C-811D-FF1A40B1F853}.Debug|Any CPU.ActiveCfg = Debug|Any CPU
		{B47D5208-CAE2-4E4C-811D-FF1A40B1F853}.Debug|Any CPU.Build.0 = Debug|Any CPU
		{B47D5208-CAE2-4E4C-811D-FF1A40B1F853}.Release|Any CPU.ActiveCfg = Release|Any CPU
		{B47D5208-CAE2-4E4C-811D-FF1A40B1F853}.Release|Any CPU.Build.0 = Release|Any CPU
		{151717CC-8386-43EE-BF36-111F8D9B8B62}.Debug|Any CPU.ActiveCfg = Debug|Any CPU
		{151717CC-8386-43EE-BF36-111F8D9B8B62}.Debug|Any CPU.Build.0 = Debug|Any CPU
		{151717CC-8386-43EE-BF36-111F8D9B8B62}.Release|Any CPU.ActiveCfg = Release|Any CPU
		{151717CC-8386-43EE-BF36-111F8D9B8B62}.Release|Any CPU.Build.0 = Release|Any CPU
		{6808CFC5-AAA7-4607-9EFD-D265AEBBC35E}.Debug|Any CPU.ActiveCfg = Debug|Any CPU
		{6808CFC5-AAA7-4607-9EFD-D265AEBBC35E}.Debug|Any CPU.Build.0 = Debug|Any CPU
		{6808CFC5-AAA7-4607-9EFD-D265AEBBC35E}.Release|Any CPU.ActiveCfg = Release|Any CPU
		{6808CFC5-AAA7-4607-9EFD-D265AEBBC35E}.Release|Any CPU.Build.0 = Release|Any CPU
	EndGlobalSection
	GlobalSection(NestedProjects) = preSolution
		{264CD0F9-99AA-4855-9510-7617583267AE} = {C817ED4D-9E31-4C28-822D-023BC95F4E2E}
		{3E48D840-2C6A-4616-A269-AABB813CD45E} = {C817ED4D-9E31-4C28-822D-023BC95F4E2E}
		{435F8E68-EA00-44DD-AF13-B65AFB8B48CE} = {C817ED4D-9E31-4C28-822D-023BC95F4E2E}
		{A31ABA03-DD1B-4206-9B4F-0515125FC314} = {C817ED4D-9E31-4C28-822D-023BC95F4E2E}
		{B6858910-4CE4-42FD-AB0F-ACF322941131} = {C817ED4D-9E31-4C28-822D-023BC95F4E2E}
		{12FB8A0D-31E2-438C-8D36-044A4119BDD3} = {FA2C58DD-B3C1-4CFB-B830-11739AD60948}
		{46C7D09A-E2E9-4DE8-947B-D01547DEC941} = {FA2C58DD-B3C1-4CFB-B830-11739AD60948}
		{B47D5208-CAE2-4E4C-811D-FF1A40B1F853} = {FA2C58DD-B3C1-4CFB-B830-11739AD60948}
		{151717CC-8386-43EE-BF36-111F8D9B8B62} = {CA0988F8-F952-4C5E-A3D0-C62074EF6BE6}
		{6808CFC5-AAA7-4607-9EFD-D265AEBBC35E} = {C817ED4D-9E31-4C28-822D-023BC95F4E2E}
	EndGlobalSection
EndGlobal
